{
  "requires": true,
  "lockfileVersion": 1,
  "dependencies": {
    "@types/lodash": {
      "version": "4.14.64",
      "resolved": "https://registry.npmjs.org/@types/lodash/-/lodash-4.14.64.tgz",
      "integrity": "sha1-l5zzo9SjaGcIQL+bPkSNwz/+hO4="
    },
    "lodash": {
      "version": "4.17.4",
      "resolved": "https://registry.npmjs.org/lodash/-/lodash-4.17.4.tgz",
      "integrity": "sha1-eCA6TRwyiuHYbcpkYONptX9AVa4="
    }
  }
}
