{
	"requires": true,
	"lockfileVersion": 1,
	"dependencies": {
		"@types/lodash": {
			"version": "4.14.99",
			"resolved": "https://registry.npmjs.org/@types/lodash/-/lodash-4.14.99.tgz",
			"integrity": "sha512-h9uv6EUxjfDWNmJCNEoulQF/pFS4ua09LgSGjj6GgmIoyJ/MO5JsK8m9y+9CoG+8j2kDWCW+piPdR9fL7QoQYA=="
		},
		"lodash": {
			"version": "4.17.4",
			"resolved": "https://registry.npmjs.org/lodash/-/lodash-4.17.4.tgz",
			"integrity": "sha1-eCA6TRwyiuHYbcpkYONptX9AVa4="
		},
		"require-dir": {
			"version": "0.3.2",
			"resolved": "https://registry.npmjs.org/require-dir/-/require-dir-0.3.2.tgz",
			"integrity": "sha1-wdXHXp+//eny5rM+OD209ZS1pqk="
		}
	}
}
