# THIS IS AN AUTOGENERATED FILE. DO NOT EDIT THIS FILE DIRECTLY.
# yarn lockfile v1


"@types/lodash@4.14.x":
  version "4.14.63"
  resolved "http://registry.npm.taobao.org/@types/lodash/download/@types/lodash-4.14.63.tgz#5ac475f55bfdc62bc88c4239dbc482f2f3bead93"

lodash@4.17.x:
  version "4.17.4"
  resolved "http://registry.npm.taobao.org/lodash/download/lodash-4.17.4.tgz#78203a4d1c328ae1d86dca6460e369b57f4055ae"

require-dir@0.3.x:
  version "0.3.1"
  resolved "http://registry.npm.taobao.org/require-dir/download/require-dir-0.3.1.tgz#b5a8e28bae0343bb0d0cc38ab1f531e1931b264a"
